
Microsoft Visual Studio Solution File, Format Version 12.00
# Visual Studio Version 17
VisualStudioVersion = 17.8.34601.278
MinimumVisualStudioVersion = 10.0.40219.1
Project("{FAE04EC0-301F-11D3-BF4B-00C04F79EFBC}") = "MVCKISISELWEBSITE", "MVCKISISELWEBSITE\MVCKISISELWEBSITE.csproj", "{3A39C7B0-30F8-4290-A3E3-997EC80A9C59}"
EndProject
Global
	GlobalSection(SolutionConfigurationPlatforms) = preSolution
		Debug|Any CPU = Debug|Any CPU
		Release|Any CPU = Release|Any CPU
	EndGlobalSection
	GlobalSection(ProjectConfigurationPlatforms) = postSolution
		{3A39C7B0-30F8-4290-A3E3-997EC80A9C59}.Debug|Any CPU.ActiveCfg = Debug|Any CPU
		{3A39C7B0-30F8-4290-A3E3-997EC80A9C59}.Debug|Any CPU.Build.0 = Debug|Any CPU
		{3A39C7B0-30F8-4290-A3E3-997EC80A9C59}.Release|Any CPU.ActiveCfg = Release|Any CPU
		{3A39C7B0-30F8-4290-A3E3-997EC80A9C59}.Release|Any CPU.Build.0 = Release|Any CPU
	EndGlobalSection
	GlobalSection(SolutionProperties) = preSolution
		HideSolutionNode = FALSE
	EndGlobalSection
	GlobalSection(ExtensibilityGlobals) = postSolution
		SolutionGuid = {44D31AE0-1565-4D81-AEDC-1E0CFE2E0E1E}
	EndGlobalSection
EndGlobal
